
Microsoft Visual Studio Solution File, Format Version 12.00
# Visual Studio Version 16
VisualStudioVersion = 16.0.30711.63
MinimumVisualStudioVersion = 10.0.40219.1
Project("{FAE04EC0-301F-11D3-BF4B-00C04F79EFBC}") = "FinalProjectV1", "FinalProjectV1\FinalProjectV1.csproj", "{04751F45-BBBD-4A6F-887F-A5B6A88DDCF0}"
EndProject
Global
	GlobalSection(SolutionConfigurationPlatforms) = preSolution
		Debug|Any CPU = Debug|Any CPU
		Release|Any CPU = Release|Any CPU
	EndGlobalSection
	GlobalSection(ProjectConfigurationPlatforms) = postSolution
		{04751F45-BBBD-4A6F-887F-A5B6A88DDCF0}.Debug|Any CPU.ActiveCfg = Debug|Any CPU
		{04751F45-BBBD-4A6F-887F-A5B6A88DDCF0}.Debug|Any CPU.Build.0 = Debug|Any CPU
		{04751F45-BBBD-4A6F-887F-A5B6A88DDCF0}.Release|Any CPU.ActiveCfg = Release|Any CPU
		{04751F45-BBBD-4A6F-887F-A5B6A88DDCF0}.Release|Any CPU.Build.0 = Release|Any CPU
	EndGlobalSection
	GlobalSection(SolutionProperties) = preSolution
		HideSolutionNode = FALSE
	EndGlobalSection
	GlobalSection(ExtensibilityGlobals) = postSolution
		SolutionGuid = {83F3AE20-24EA-40CB-8A6A-DB40A78E135A}
	EndGlobalSection
EndGlobal
